
Microsoft Visual Studio Solution File, Format Version 12.00
# Visual Studio 15
VisualStudioVersion = 15.0.28010.0
MinimumVisualStudioVersion = 10.0.40219.1
Project("{9A19103F-16F7-4668-BE54-9A1E7A4F7556}") = "Xamarin.Forms.Core", "Xamarin.Forms.Core\Xamarin.Forms.Core.csproj", "{B8CF166D-C749-4A27-A6DD-35087B1501FA}"
EndProject
Project("{9A19103F-16F7-4668-BE54-9A1E7A4F7556}") = "Xamarin.Forms.Platform", "Xamarin.Forms.Platform\Xamarin.Forms.Platform.csproj", "{7122DD54-B2FC-4A83-8143-61C380481461}"
EndProject
Project("{9A19103F-16F7-4668-BE54-9A1E7A4F7556}") = "Xamarin.Forms.Xaml", "Xamarin.Forms.Xaml\Xamarin.Forms.Xaml.csproj", "{F1DECF33-9F85-4D28-AC3A-21CE13DEEF4F}"
EndProject
Project("{9A19103F-16F7-4668-BE54-9A1E7A4F7556}") = "Xamarin.Forms.Build.Tasks", "Xamarin.Forms.Build.Tasks\Xamarin.Forms.Build.Tasks.csproj", "{433AFA67-2D59-4605-B4CB-D321195817B8}"
EndProject
Global
	GlobalSection(SolutionConfigurationPlatforms) = preSolution
		Debug|Any CPU = Debug|Any CPU
		Release|Any CPU = Release|Any CPU
	EndGlobalSection
	GlobalSection(ProjectConfigurationPlatforms) = postSolution
		{B8CF166D-C749-4A27-A6DD-35087B1501FA}.Debug|Any CPU.ActiveCfg = Debug|Any CPU
		{B8CF166D-C749-4A27-A6DD-35087B1501FA}.Debug|Any CPU.Build.0 = Debug|Any CPU
		{B8CF166D-C749-4A27-A6DD-35087B1501FA}.Release|Any CPU.ActiveCfg = Release|Any CPU
		{B8CF166D-C749-4A27-A6DD-35087B1501FA}.Release|Any CPU.Build.0 = Release|Any CPU
		{7122DD54-B2FC-4A83-8143-61C380481461}.Debug|Any CPU.ActiveCfg = Debug|Any CPU
		{7122DD54-B2FC-4A83-8143-61C380481461}.Debug|Any CPU.Build.0 = Debug|Any CPU
		{7122DD54-B2FC-4A83-8143-61C380481461}.Release|Any CPU.ActiveCfg = Release|Any CPU
		{7122DD54-B2FC-4A83-8143-61C380481461}.Release|Any CPU.Build.0 = Release|Any CPU
		{F1DECF33-9F85-4D28-AC3A-21CE13DEEF4F}.Debug|Any CPU.ActiveCfg = Debug|Any CPU
		{F1DECF33-9F85-4D28-AC3A-21CE13DEEF4F}.Debug|Any CPU.Build.0 = Debug|Any CPU
		{F1DECF33-9F85-4D28-AC3A-21CE13DEEF4F}.Release|Any CPU.ActiveCfg = Release|Any CPU
		{F1DECF33-9F85-4D28-AC3A-21CE13DEEF4F}.Release|Any CPU.Build.0 = Release|Any CPU
		{433AFA67-2D59-4605-B4CB-D321195817B8}.Debug|Any CPU.ActiveCfg = Debug|Any CPU
		{433AFA67-2D59-4605-B4CB-D321195817B8}.Debug|Any CPU.Build.0 = Debug|Any CPU
		{433AFA67-2D59-4605-B4CB-D321195817B8}.Release|Any CPU.ActiveCfg = Release|Any CPU
		{433AFA67-2D59-4605-B4CB-D321195817B8}.Release|Any CPU.Build.0 = Release|Any CPU
	EndGlobalSection
	GlobalSection(SolutionProperties) = preSolution
		HideSolutionNode = FALSE
	EndGlobalSection
	GlobalSection(ExtensibilityGlobals) = postSolution
		SolutionGuid = {9EC594AA-D66E-40C9-97AE-9000C2A22ADE}
	EndGlobalSection
EndGlobal
